// !$*UTF8*$!
{
	archiveVersion = 1;
	classes = {
	};
	objectVersion = 46;
	objects = {

/* Begin PBXBuildFile section */
		1BAD79F31F3CEFE60040AE80 /* main.cpp in Sources */ = {isa = PBXBuildFile; fileRef = 1BAD79F21F3CEFE60040AE80 /* main.cpp */; };
		1BAE8B021F47815100678706 /* libopencv_core.2.4.13.dylib in Frameworks */ = {isa = PBXBuildFile; fileRef = 1BAE8AFF1F47815100678706 /* libopencv_core.2.4.13.dylib */; };
		1BAE8B031F47815100678706 /* libopencv_highgui.2.4.13.dylib in Frameworks */ = {isa = PBXBuildFile; fileRef = 1BAE8B001F47815100678706 /* libopencv_highgui.2.4.13.dylib */; };
		1BAE8B041F47815100678706 /* libopencv_ml.2.4.13.dylib in Frameworks */ = {isa = PBXBuildFile; fileRef = 1BAE8B011F47815100678706 /* libopencv_ml.2.4.13.dylib */; };
/* End PBXBuildFile section */

/* Begin PBXCopyFilesBuildPhase section */
		1BAD79ED1F3CEFE60040AE80 /* CopyFiles */ = {
			isa = PBXCopyFilesBuildPhase;
			buildActionMask = 2147483647;
			dstPath = /usr/share/man/man1/;
			dstSubfolderSpec = 0;
			files = (
			);
			runOnlyForDeploymentPostprocessing = 1;
		};
/* End PBXCopyFilesBuildPhase section */

/* Begin PBXFileReference section */
		1BAD79EF1F3CEFE60040AE80 /* SourceLocate */ = {isa = PBXFileReference; explicitFileType = "compiled.mach-o.executable"; includeInIndex = 0; path = SourceLocate; sourceTree = BUILT_PRODUCTS_DIR; };
		1BAD79F21F3CEFE60040AE80 /* main.cpp */ = {isa = PBXFileReference; lastKnownFileType = sourcecode.cpp.cpp; path = main.cpp; sourceTree = "<group>"; };
		1BAD79F91F3CF1270040AE80 /* SourceLocate.h */ = {isa = PBXFileReference; lastKnownFileType = sourcecode.c.h; path = SourceLocate.h; sourceTree = "<group>"; };
		1BAE8AFF1F47815100678706 /* libopencv_core.2.4.13.dylib */ = {isa = PBXFileReference; lastKnownFileType = "compiled.mach-o.dylib"; name = libopencv_core.2.4.13.dylib; path = ../../../../../usr/local/Cellar/opencv/2.4.13.2_1/lib/libopencv_core.2.4.13.dylib; sourceTree = "<group>"; };
		1BAE8B001F47815100678706 /* libopencv_highgui.2.4.13.dylib */ = {isa = PBXFileReference; lastKnownFileType = "compiled.mach-o.dylib"; name = libopencv_highgui.2.4.13.dylib; path = ../../../../../usr/local/Cellar/opencv/2.4.13.2_1/lib/libopencv_highgui.2.4.13.dylib; sourceTree = "<group>"; };
		1BAE8B011F47815100678706 /* libopencv_ml.2.4.13.dylib */ = {isa = PBXFileReference; lastKnownFileType = "compiled.mach-o.dylib"; name = libopencv_ml.2.4.13.dylib; path = ../../../../../usr/local/Cellar/opencv/2.4.13.2_1/lib/libopencv_ml.2.4.13.dylib; sourceTree = "<group>"; };
/* End PBXFileReference section */

/* Begin PBXFrameworksBuildPhase section */
		1BAD79EC1F3CEFE60040AE80 /* Frameworks */ = {
			isa = PBXFrameworksBuildPhase;
			buildActionMask = 2147483647;
			files = (
				1BAE8B041F47815100678706 /* libopencv_ml.2.4.13.dylib in Frameworks */,
				1BAE8B031F47815100678706 /* libopencv_highgui.2.4.13.dylib in Frameworks */,
				1BAE8B021F47815100678706 /* libopencv_core.2.4.13.dylib in Frameworks */,
			);
			runOnlyForDeploymentPostprocessing = 0;
		};
/* End PBXFrameworksBuildPhase section */

/* Begin PBXGroup section */
		1BAD79E61F3CEFE60040AE80 = {
			isa = PBXGroup;
			children = (
				1BAE8AFE1F47812000678706 /* /usr/local */,
				1BAD79F11F3CEFE60040AE80 /* SourceLocate */,
				1BAD79F01F3CEFE60040AE80 /* Products */,
			);
			sourceTree = "<group>";
		};
		1BAD79F01F3CEFE60040AE80 /* Products */ = {
			isa = PBXGroup;
			children = (
				1BAD79EF1F3CEFE60040AE80 /* SourceLocate */,
			);
			name = Products;
			sourceTree = "<group>";
		};
		1BAD79F11F3CEFE60040AE80 /* SourceLocate */ = {
			isa = PBXGroup;
			children = (
				1BAD79F21F3CEFE60040AE80 /* main.cpp */,
				1BAD79F91F3CF1270040AE80 /* SourceLocate.h */,
			);
			path = SourceLocate;
			sourceTree = "<group>";
		};
		1BAE8AFE1F47812000678706 /* /usr/local */ = {
			isa = PBXGroup;
			children = (
				1BAE8AFF1F47815100678706 /* libopencv_core.2.4.13.dylib */,
				1BAE8B001F47815100678706 /* libopencv_highgui.2.4.13.dylib */,
				1BAE8B011F47815100678706 /* libopencv_ml.2.4.13.dylib */,
			);
			name = /usr/local;
			sourceTree = "<group>";
		};
/* End PBXGroup section */

/* Begin PBXNativeTarget section */
		1BAD79EE1F3CEFE60040AE80 /* SourceLocate */ = {
			isa = PBXNativeTarget;
			buildConfigurationList = 1BAD79F61F3CEFE60040AE80 /* Build configuration list for PBXNativeTarget "SourceLocate" */;
			buildPhases = (
				1BAD79EB1F3CEFE60040AE80 /* Sources */,
				1BAD79EC1F3CEFE60040AE80 /* Frameworks */,
				1BAD79ED1F3CEFE60040AE80 /* CopyFiles */,
			);
			buildRules = (
			);
			dependencies = (
			);
			name = SourceLocate;
			productName = SourceLocate;
			productReference = 1BAD79EF1F3CEFE60040AE80 /* SourceLocate */;
			productType = "com.apple.product-type.tool";
		};
/* End PBXNativeTarget section */

/* Begin PBXProject section */
		1BAD79E71F3CEFE60040AE80 /* Project object */ = {
			isa = PBXProject;
			attributes = {
				LastUpgradeCheck = 0830;
				ORGANIZATIONNAME = "Hanyu Feng";
				TargetAttributes = {
					1BAD79EE1F3CEFE60040AE80 = {
						CreatedOnToolsVersion = 8.3.3;
						ProvisioningStyle = Automatic;
					};
				};
			};
			buildConfigurationList = 1BAD79EA1F3CEFE60040AE80 /* Build configuration list for PBXProject "SourceLocate" */;
			compatibilityVersion = "Xcode 3.2";
			developmentRegion = English;
			hasScannedForEncodings = 0;
			knownRegions = (
				en,
			);
			mainGroup = 1BAD79E61F3CEFE60040AE80;
			productRefGroup = 1BAD79F01F3CEFE60040AE80 /* Products */;
			projectDirPath = "";
			projectRoot = "";
			targets = (
				1BAD79EE1F3CEFE60040AE80 /* SourceLocate */,
			);
		};
/* End PBXProject section */

/* Begin PBXSourcesBuildPhase section */
		1BAD79EB1F3CEFE60040AE80 /* Sources */ = {
			isa = PBXSourcesBuildPhase;
			buildActionMask = 2147483647;
			files = (
				1BAD79F31F3CEFE60040AE80 /* main.cpp in Sources */,
			);
			runOnlyForDeploymentPostprocessing = 0;
		};
/* End PBXSourcesBuildPhase section */

/* Begin XCBuildConfiguration section */
		1BAD79F41F3CEFE60040AE80 /* Debug */ = {
			isa = XCBuildConfiguration;
			buildSettings = {
				ALWAYS_SEARCH_USER_PATHS = NO;
				CLANG_ANALYZER_NONNULL = YES;
				CLANG_ANALYZER_NUMBER_OBJECT_CONVERSION = YES_AGGRESSIVE;
				CLANG_CXX_LANGUAGE_STANDARD = "gnu++0x";
				CLANG_CXX_LIBRARY = "libc++";
				CLANG_ENABLE_MODULES = YES;
				CLANG_ENABLE_OBJC_ARC = YES;
				CLANG_WARN_BOOL_CONVERSION = YES;
				CLANG_WARN_CONSTANT_CONVERSION = YES;
				CLANG_WARN_DIRECT_OBJC_ISA_USAGE = YES_ERROR;
				CLANG_WARN_DOCUMENTATION_COMMENTS = YES;
				CLANG_WARN_EMPTY_BODY = YES;
				CLANG_WARN_ENUM_CONVERSION = YES;
				CLANG_WARN_INFINITE_RECURSION = YES;
				CLANG_WARN_INT_CONVERSION = YES;
				CLANG_WARN_OBJC_ROOT_CLASS = YES_ERROR;
				CLANG_WARN_SUSPICIOUS_MOVE = YES;
				CLANG_WARN_UNREACHABLE_CODE = YES;
				CLANG_WARN__DUPLICATE_METHOD_MATCH = YES;
				CODE_SIGN_IDENTITY = "-";
				COPY_PHASE_STRIP = NO;
				DEBUG_INFORMATION_FORMAT = dwarf;
				ENABLE_STRICT_OBJC_MSGSEND = YES;
				ENABLE_TESTABILITY = YES;
				GCC_C_LANGUAGE_STANDARD = gnu99;
				GCC_DYNAMIC_NO_PIC = NO;
				GCC_NO_COMMON_BLOCKS = YES;
				GCC_OPTIMIZATION_LEVEL = 0;
				GCC_PREPROCESSOR_DEFINITIONS = (
					"DEBUG=1",
					"$(inherited)",
				);
				GCC_WARN_64_TO_32_BIT_CONVERSION = YES;
				GCC_WARN_ABOUT_RETURN_TYPE = YES_ERROR;
				GCC_WARN_UNDECLARED_SELECTOR = YES;
				GCC_WARN_UNINITIALIZED_AUTOS = YES_AGGRESSIVE;
				GCC_WARN_UNUSED_FUNCTION = YES;
				GCC_WARN_UNUSED_VARIABLE = YES;
				MACOSX_DEPLOYMENT_TARGET = 10.12;
				MTL_ENABLE_DEBUG_INFO = YES;
				ONLY_ACTIVE_ARCH = YES;
				SDKROOT = macosx;
			};
			name = Debug;
		};
		1BAD79F51F3CEFE60040AE80 /* Release */ = {
			isa = XCBuildConfiguration;
			buildSettings = {
				ALWAYS_SEARCH_USER_PATHS = NO;
				CLANG_ANALYZER_NONNULL = YES;
				CLANG_ANALYZER_NUMBER_OBJECT_CONVERSION = YES_AGGRESSIVE;
				CLANG_CXX_LANGUAGE_STANDARD = "gnu++0x";
				CLANG_CXX_LIBRARY = "libc++";
				CLANG_ENABLE_MODULES = YES;
				CLANG_ENABLE_OBJC_ARC = YES;
				CLANG_WARN_BOOL_CONVERSION = YES;
				CLANG_WARN_CONSTANT_CONVERSION = YES;
				CLANG_WARN_DIRECT_OBJC_ISA_USAGE = YES_ERROR;
				CLANG_WARN_DOCUMENTATION_COMMENTS = YES;
				CLANG_WARN_EMPTY_BODY = YES;
				CLANG_WARN_ENUM_CONVERSION = YES;
				CLANG_WARN_INFINITE_RECURSION = YES;
				CLANG_WARN_INT_CONVERSION = YES;
				CLANG_WARN_OBJC_ROOT_CLASS = YES_ERROR;
				CLANG_WARN_SUSPICIOUS_MOVE = YES;
				CLANG_WARN_UNREACHABLE_CODE = YES;
				CLANG_WARN__DUPLICATE_METHOD_MATCH = YES;
				CODE_SIGN_IDENTITY = "-";
				COPY_PHASE_STRIP = NO;
				DEBUG_INFORMATION_FORMAT = "dwarf-with-dsym";
				ENABLE_NS_ASSERTIONS = NO;
				ENABLE_STRICT_OBJC_MSGSEND = YES;
				GCC_C_LANGUAGE_STANDARD = gnu99;
				GCC_NO_COMMON_BLOCKS = YES;
				GCC_WARN_64_TO_32_BIT_CONVERSION = YES;
				GCC_WARN_ABOUT_RETURN_TYPE = YES_ERROR;
				GCC_WARN_UNDECLARED_SELECTOR = YES;
				GCC_WARN_UNINITIALIZED_AUTOS = YES_AGGRESSIVE;
				GCC_WARN_UNUSED_FUNCTION = YES;
				GCC_WARN_UNUSED_VARIABLE = YES;
				MACOSX_DEPLOYMENT_TARGET = 10.12;
				MTL_ENABLE_DEBUG_INFO = NO;
				SDKROOT = macosx;
			};
			name = Release;
		};
		1BAD79F71F3CEFE60040AE80 /* Debug */ = {
			isa = XCBuildConfiguration;
			buildSettings = {
				HEADER_SEARCH_PATHS = (
					/usr/local/include/opencv,
					/usr/local/include,
				);
				LIBRARY_SEARCH_PATHS = (
					"$(inherited)",
					/usr/local/Cellar/opencv/2.4.13.2_1/lib,
				);
				PRODUCT_NAME = "$(TARGET_NAME)";
			};
			name = Debug;
		};
		1BAD79F81F3CEFE60040AE80 /* Release */ = {
			isa = XCBuildConfiguration;
			buildSettings = {
				HEADER_SEARCH_PATHS = (
					/usr/local/include/opencv,
					/usr/local/include,
				);
				LIBRARY_SEARCH_PATHS = (
					"$(inherited)",
					/usr/local/Cellar/opencv/2.4.13.2_1/lib,
				);
				PRODUCT_NAME = "$(TARGET_NAME)";
			};
			name = Release;
		};
/* End XCBuildConfiguration section */

/* Begin XCConfigurationList section */
		1BAD79EA1F3CEFE60040AE80 /* Build configuration list for PBXProject "SourceLocate" */ = {
			isa = XCConfigurationList;
			buildConfigurations = (
				1BAD79F41F3CEFE60040AE80 /* Debug */,
				1BAD79F51F3CEFE60040AE80 /* Release */,
			);
			defaultConfigurationIsVisible = 0;
			defaultConfigurationName = Release;
		};
		1BAD79F61F3CEFE60040AE80 /* Build configuration list for PBXNativeTarget "SourceLocate" */ = {
			isa = XCConfigurationList;
			buildConfigurations = (
				1BAD79F71F3CEFE60040AE80 /* Debug */,
				1BAD79F81F3CEFE60040AE80 /* Release */,
			);
			defaultConfigurationIsVisible = 0;
			defaultConfigurationName = Release;
		};
/* End XCConfigurationList section */
	};
	rootObject = 1BAD79E71F3CEFE60040AE80 /* Project object */;
}
